
Microsoft Visual Studio Solution File, Format Version 12.00
# Visual Studio Version 16
VisualStudioVersion = 16.0.31624.102
MinimumVisualStudioVersion = 10.0.40219.1
Project("{FAE04EC0-301F-11D3-BF4B-00C04F79EFBC}") = "TCPChatClient", "TCPChatClient\TCPChatClient.csproj", "{0C01E511-D649-43A3-99D7-58F5FB9761E1}"
EndProject
Project("{FAE04EC0-301F-11D3-BF4B-00C04F79EFBC}") = "TCPChatServer", "TCPChatServer\TCPChatServer.csproj", "{A490F745-932D-49B7-BE0F-F8647A0D49F8}"
EndProject
Global
	GlobalSection(SolutionConfigurationPlatforms) = preSolution
		Debug|Any CPU = Debug|Any CPU
		Release|Any CPU = Release|Any CPU
	EndGlobalSection
	GlobalSection(ProjectConfigurationPlatforms) = postSolution
		{0C01E511-D649-43A3-99D7-58F5FB9761E1}.Debug|Any CPU.ActiveCfg = Debug|Any CPU
		{0C01E511-D649-43A3-99D7-58F5FB9761E1}.Debug|Any CPU.Build.0 = Debug|Any CPU
		{0C01E511-D649-43A3-99D7-58F5FB9761E1}.Release|Any CPU.ActiveCfg = Release|Any CPU
		{0C01E511-D649-43A3-99D7-58F5FB9761E1}.Release|Any CPU.Build.0 = Release|Any CPU
		{A490F745-932D-49B7-BE0F-F8647A0D49F8}.Debug|Any CPU.ActiveCfg = Debug|Any CPU
		{A490F745-932D-49B7-BE0F-F8647A0D49F8}.Debug|Any CPU.Build.0 = Debug|Any CPU
		{A490F745-932D-49B7-BE0F-F8647A0D49F8}.Release|Any CPU.ActiveCfg = Release|Any CPU
		{A490F745-932D-49B7-BE0F-F8647A0D49F8}.Release|Any CPU.Build.0 = Release|Any CPU
	EndGlobalSection
	GlobalSection(SolutionProperties) = preSolution
		HideSolutionNode = FALSE
	EndGlobalSection
	GlobalSection(ExtensibilityGlobals) = postSolution
		SolutionGuid = {C77A62F9-CEEB-4834-8584-2059698AC531}
	EndGlobalSection
EndGlobal
